
Microsoft Visual Studio Solution File, Format Version 12.00
# Visual Studio 2012
Project("{D2ABAB84-BF74-430A-B69E-9DC6D40DDA17}") = "ooh_trends_poc1ab", "MultidimensionalProject5\ooh_trends_poc1ab.dwproj", "{A5420AD5-9DF0-47ED-A36E-6DE7FEBE74F8}"
EndProject
Global
	GlobalSection(SolutionConfigurationPlatforms) = preSolution
		Development|Default = Development|Default
	EndGlobalSection
	GlobalSection(ProjectConfigurationPlatforms) = postSolution
		{A5420AD5-9DF0-47ED-A36E-6DE7FEBE74F8}.Development|Default.ActiveCfg = Development
		{A5420AD5-9DF0-47ED-A36E-6DE7FEBE74F8}.Development|Default.Build.0 = Development
		{A5420AD5-9DF0-47ED-A36E-6DE7FEBE74F8}.Development|Default.Deploy.0 = Development
	EndGlobalSection
	GlobalSection(SolutionProperties) = preSolution
		HideSolutionNode = FALSE
	EndGlobalSection
EndGlobal
