
Microsoft Visual Studio Solution File, Format Version 12.00
# Visual Studio 2012
Project("{159641D6-6404-4A2A-AE62-294DE0FE8301}") = "RODIS Import", "RODIS Import\RODIS Import.dtproj", "{F2F95D1B-323D-427E-817A-178CAD9F214D}"
EndProject
Global
	GlobalSection(SolutionConfigurationPlatforms) = preSolution
		Development|Default = Development|Default
	EndGlobalSection
	GlobalSection(ProjectConfigurationPlatforms) = postSolution
		{F2F95D1B-323D-427E-817A-178CAD9F214D}.Development|Default.ActiveCfg = Development
		{F2F95D1B-323D-427E-817A-178CAD9F214D}.Development|Default.Build.0 = Development
	EndGlobalSection
	GlobalSection(SolutionProperties) = preSolution
		HideSolutionNode = FALSE
	EndGlobalSection
EndGlobal
