
Microsoft Visual Studio Solution File, Format Version 12.00
# Visual Studio 2012
Project("{159641D6-6404-4A2A-AE62-294DE0FE8301}") = "prod_cache_rebuilder", "prod_cache_rebuilder\prod_cache_rebuilder.dtproj", "{1A0A1EA0-8634-45FE-99C0-39B75151FCBB}"
EndProject
Global
	GlobalSection(SolutionConfigurationPlatforms) = preSolution
		Development|Default = Development|Default
	EndGlobalSection
	GlobalSection(ProjectConfigurationPlatforms) = postSolution
		{1A0A1EA0-8634-45FE-99C0-39B75151FCBB}.Development|Default.ActiveCfg = Development
		{1A0A1EA0-8634-45FE-99C0-39B75151FCBB}.Development|Default.Build.0 = Development
	EndGlobalSection
	GlobalSection(SolutionProperties) = preSolution
		HideSolutionNode = FALSE
	EndGlobalSection
EndGlobal
