
Microsoft Visual Studio Solution File, Format Version 11.00
# Visual Studio 2010
Project("{159641D6-6404-4A2A-AE62-294DE0FE8301}") = "CA_Data_Load", "CA_Data_Load.dtproj", "{47466C42-EB0D-416D-99A9-C24C6414CF7B}"
EndProject
Global
	GlobalSection(SolutionConfigurationPlatforms) = preSolution
		Development|Default = Development|Default
	EndGlobalSection
	GlobalSection(ProjectConfigurationPlatforms) = postSolution
		{47466C42-EB0D-416D-99A9-C24C6414CF7B}.Development|Default.ActiveCfg = Development
		{47466C42-EB0D-416D-99A9-C24C6414CF7B}.Development|Default.Build.0 = Development
	EndGlobalSection
	GlobalSection(SolutionProperties) = preSolution
		HideSolutionNode = FALSE
	EndGlobalSection
EndGlobal
