
Microsoft Visual Studio Solution File, Format Version 11.00
# Visual Studio 2010
Project("{159641D6-6404-4A2A-AE62-294DE0FE8301}") = "prj_build_backup_portal_tables", "prj_build_backup_portal_tables\prj_build_backup_portal_tables.dtproj", "{D8EF7F44-BE29-45C9-A782-CECE74789F4A}"
EndProject
Global
	GlobalSection(SolutionConfigurationPlatforms) = preSolution
		Development|Default = Development|Default
	EndGlobalSection
	GlobalSection(ProjectConfigurationPlatforms) = postSolution
		{D8EF7F44-BE29-45C9-A782-CECE74789F4A}.Development|Default.ActiveCfg = Development
		{D8EF7F44-BE29-45C9-A782-CECE74789F4A}.Development|Default.Build.0 = Development
	EndGlobalSection
	GlobalSection(SolutionProperties) = preSolution
		HideSolutionNode = FALSE
	EndGlobalSection
EndGlobal
