
Microsoft Visual Studio Solution File, Format Version 12.00
# Visual Studio 2012
Project("{D2ABAB84-BF74-430A-B69E-9DC6D40DDA17}") = "episodes", "MultidimensionalProject4\episodes.dwproj", "{CCB23F91-7358-4DC2-9662-376CA5D6941A}"
EndProject
Global
	GlobalSection(SolutionConfigurationPlatforms) = preSolution
		Development|Default = Development|Default
	EndGlobalSection
	GlobalSection(ProjectConfigurationPlatforms) = postSolution
		{CCB23F91-7358-4DC2-9662-376CA5D6941A}.Development|Default.ActiveCfg = Development
		{CCB23F91-7358-4DC2-9662-376CA5D6941A}.Development|Default.Build.0 = Development
		{CCB23F91-7358-4DC2-9662-376CA5D6941A}.Development|Default.Deploy.0 = Development
	EndGlobalSection
	GlobalSection(SolutionProperties) = preSolution
		HideSolutionNode = FALSE
	EndGlobalSection
EndGlobal
