
Microsoft Visual Studio Solution File, Format Version 12.00
# Visual Studio 2012
Project("{159641D6-6404-4A2A-AE62-294DE0FE8301}") = "rodis_import", "rodis_import\rodis_import.dtproj", "{40E10FBB-DDB9-4A22-916C-DD1D3A8B1A20}"
EndProject
Global
	GlobalSection(SolutionConfigurationPlatforms) = preSolution
		Development|Default = Development|Default
	EndGlobalSection
	GlobalSection(ProjectConfigurationPlatforms) = postSolution
		{40E10FBB-DDB9-4A22-916C-DD1D3A8B1A20}.Development|Default.ActiveCfg = Development
		{40E10FBB-DDB9-4A22-916C-DD1D3A8B1A20}.Development|Default.Build.0 = Development
	EndGlobalSection
	GlobalSection(SolutionProperties) = preSolution
		HideSolutionNode = FALSE
	EndGlobalSection
EndGlobal
