
Microsoft Visual Studio Solution File, Format Version 12.00
# Visual Studio 2012
Project("{159641D6-6404-4A2A-AE62-294DE0FE8301}") = "prjTest", "prjTest\prjTest.dtproj", "{CFB12C2D-5CC7-4586-917C-4835548F788D}"
EndProject
Global
	GlobalSection(SolutionConfigurationPlatforms) = preSolution
		Development|Default = Development|Default
	EndGlobalSection
	GlobalSection(ProjectConfigurationPlatforms) = postSolution
		{CFB12C2D-5CC7-4586-917C-4835548F788D}.Development|Default.ActiveCfg = Development
		{CFB12C2D-5CC7-4586-917C-4835548F788D}.Development|Default.Build.0 = Development
	EndGlobalSection
	GlobalSection(SolutionProperties) = preSolution
		HideSolutionNode = FALSE
	EndGlobalSection
EndGlobal
