
Microsoft Visual Studio Solution File, Format Version 12.00
# Visual Studio 2012
Project("{159641D6-6404-4A2A-AE62-294DE0FE8301}") = "prj_transfer_census_population_mysql", "prj_transfer_census_population_mysql\prj_transfer_census_population_mysql.dtproj", "{976CA6ED-DB3E-4BB5-ACA5-ED1241AEBF7C}"
EndProject
Global
	GlobalSection(SolutionConfigurationPlatforms) = preSolution
		Development|Default = Development|Default
	EndGlobalSection
	GlobalSection(ProjectConfigurationPlatforms) = postSolution
		{976CA6ED-DB3E-4BB5-ACA5-ED1241AEBF7C}.Development|Default.ActiveCfg = Development
		{976CA6ED-DB3E-4BB5-ACA5-ED1241AEBF7C}.Development|Default.Build.0 = Development
	EndGlobalSection
	GlobalSection(SolutionProperties) = preSolution
		HideSolutionNode = FALSE
	EndGlobalSection
EndGlobal
