
Microsoft Visual Studio Solution File, Format Version 11.00
# Visual Studio 2010
Project("{159641D6-6404-4A2A-AE62-294DE0FE8301}") = "Recovery Data Export", "Recovery Data Export\Recovery Data Export.dtproj", "{E58779CA-5D16-46A4-87DD-72313CCAB4F4}"
EndProject
Global
	GlobalSection(SolutionConfigurationPlatforms) = preSolution
		Development|Default = Development|Default
	EndGlobalSection
	GlobalSection(ProjectConfigurationPlatforms) = postSolution
		{E58779CA-5D16-46A4-87DD-72313CCAB4F4}.Development|Default.ActiveCfg = Development
		{E58779CA-5D16-46A4-87DD-72313CCAB4F4}.Development|Default.Build.0 = Development
	EndGlobalSection
	GlobalSection(SolutionProperties) = preSolution
		HideSolutionNode = FALSE
	EndGlobalSection
EndGlobal
