
Microsoft Visual Studio Solution File, Format Version 11.00
# Visual Studio 2010
Project("{159641D6-6404-4A2A-AE62-294DE0FE8301}") = "prj_CA_Import3", "prj_CA_Import3\prj_CA_Import3.dtproj", "{4205E45C-D41F-4AD2-9075-846D0715AC02}"
EndProject
Global
	GlobalSection(SolutionConfigurationPlatforms) = preSolution
		Development|Default = Development|Default
	EndGlobalSection
	GlobalSection(ProjectConfigurationPlatforms) = postSolution
		{4205E45C-D41F-4AD2-9075-846D0715AC02}.Development|Default.ActiveCfg = Development
		{4205E45C-D41F-4AD2-9075-846D0715AC02}.Development|Default.Build.0 = Development
	EndGlobalSection
	GlobalSection(SolutionProperties) = preSolution
		HideSolutionNode = FALSE
	EndGlobalSection
EndGlobal
