
Microsoft Visual Studio Solution File, Format Version 11.00
# Visual Studio 2010
Project("{159641D6-6404-4A2A-AE62-294DE0FE8301}") = "prj_CA_import2", "prj_CA_import2\prj_CA_import2.dtproj", "{E28AB6B1-35B1-474B-A5EF-40607B6E34B8}"
EndProject
Global
	GlobalSection(SolutionConfigurationPlatforms) = preSolution
		Development|Default = Development|Default
	EndGlobalSection
	GlobalSection(ProjectConfigurationPlatforms) = postSolution
		{E28AB6B1-35B1-474B-A5EF-40607B6E34B8}.Development|Default.ActiveCfg = Development
		{E28AB6B1-35B1-474B-A5EF-40607B6E34B8}.Development|Default.Build.0 = Development
	EndGlobalSection
	GlobalSection(SolutionProperties) = preSolution
		HideSolutionNode = FALSE
	EndGlobalSection
EndGlobal
