
Microsoft Visual Studio Solution File, Format Version 11.00
# Visual Studio 2010
Project("{159641D6-6404-4A2A-AE62-294DE0FE8301}") = "prj_download_unzip", "prj_download_unzip.dtproj", "{81C16995-C04A-4EEC-A473-B264F7DA6870}"
EndProject
Global
	GlobalSection(SolutionConfigurationPlatforms) = preSolution
		Development|Default = Development|Default
	EndGlobalSection
	GlobalSection(ProjectConfigurationPlatforms) = postSolution
		{81C16995-C04A-4EEC-A473-B264F7DA6870}.Development|Default.ActiveCfg = Development
		{81C16995-C04A-4EEC-A473-B264F7DA6870}.Development|Default.Build.0 = Development
	EndGlobalSection
	GlobalSection(SolutionProperties) = preSolution
		HideSolutionNode = FALSE
	EndGlobalSection
EndGlobal
