
Microsoft Visual Studio Solution File, Format Version 12.00
# Visual Studio 2012
Project("{159641D6-6404-4A2A-AE62-294DE0FE8301}") = "ncands_afcars_import", "ncands_afcars_import\ncands_afcars_import.dtproj", "{EA6A9E54-F048-460B-8D3E-362E4C91A6CB}"
EndProject
Global
	GlobalSection(SolutionConfigurationPlatforms) = preSolution
		Development|Default = Development|Default
	EndGlobalSection
	GlobalSection(ProjectConfigurationPlatforms) = postSolution
		{EA6A9E54-F048-460B-8D3E-362E4C91A6CB}.Development|Default.ActiveCfg = Development
		{EA6A9E54-F048-460B-8D3E-362E4C91A6CB}.Development|Default.Build.0 = Development
	EndGlobalSection
	GlobalSection(SolutionProperties) = preSolution
		HideSolutionNode = FALSE
	EndGlobalSection
EndGlobal
