
Microsoft Visual Studio Solution File, Format Version 11.00
# Visual Studio 2010
Project("{159641D6-6404-4A2A-AE62-294DE0FE8301}") = "ca_ods_load_controller", "ca_ods_load_controller.dtproj", "{7BE206E7-D90E-428B-92DC-6597C967EB35}"
EndProject
Global
	GlobalSection(SolutionConfigurationPlatforms) = preSolution
		Development|Default = Development|Default
	EndGlobalSection
	GlobalSection(ProjectConfigurationPlatforms) = postSolution
		{7BE206E7-D90E-428B-92DC-6597C967EB35}.Development|Default.ActiveCfg = Development
		{7BE206E7-D90E-428B-92DC-6597C967EB35}.Development|Default.Build.0 = Development
	EndGlobalSection
	GlobalSection(SolutionProperties) = preSolution
		HideSolutionNode = FALSE
	EndGlobalSection
EndGlobal
