
Microsoft Visual Studio Solution File, Format Version 12.00
# Visual Studio 2012
Project("{159641D6-6404-4A2A-AE62-294DE0FE8301}") = "build_cache_tables", "build_cache_tables\build_cache_tables.dtproj", "{0F2C4537-C506-4A86-861A-C11ECF37E6D3}"
EndProject
Global
	GlobalSection(SolutionConfigurationPlatforms) = preSolution
		Development|Default = Development|Default
	EndGlobalSection
	GlobalSection(ProjectConfigurationPlatforms) = postSolution
		{0F2C4537-C506-4A86-861A-C11ECF37E6D3}.Development|Default.ActiveCfg = Development
		{0F2C4537-C506-4A86-861A-C11ECF37E6D3}.Development|Default.Build.0 = Development
	EndGlobalSection
	GlobalSection(SolutionProperties) = preSolution
		HideSolutionNode = FALSE
	EndGlobalSection
EndGlobal
