
Microsoft Visual Studio Solution File, Format Version 11.00
# Visual Studio 2010
Project("{159641D6-6404-4A2A-AE62-294DE0FE8301}") = "drop_files_for_test_annie", "drop_files_for_test_annie\drop_files_for_test_annie.dtproj", "{BC0C615C-C018-4B7C-B841-68A4860B9A5B}"
EndProject
Global
	GlobalSection(SolutionConfigurationPlatforms) = preSolution
		Development|Default = Development|Default
	EndGlobalSection
	GlobalSection(ProjectConfigurationPlatforms) = postSolution
		{BC0C615C-C018-4B7C-B841-68A4860B9A5B}.Development|Default.ActiveCfg = Development
		{BC0C615C-C018-4B7C-B841-68A4860B9A5B}.Development|Default.Build.0 = Development
	EndGlobalSection
	GlobalSection(SolutionProperties) = preSolution
		HideSolutionNode = FALSE
	EndGlobalSection
EndGlobal
