
Microsoft Visual Studio Solution File, Format Version 11.00
# Visual Studio 2010
Project("{159641D6-6404-4A2A-AE62-294DE0FE8301}") = "prj_CA_Import4", "prj_CA_Import4\prj_CA_Import4.dtproj", "{F94C74C4-735F-4B23-879B-A60902BCD0D3}"
EndProject
Global
	GlobalSection(SolutionConfigurationPlatforms) = preSolution
		Development|Default = Development|Default
	EndGlobalSection
	GlobalSection(ProjectConfigurationPlatforms) = postSolution
		{F94C74C4-735F-4B23-879B-A60902BCD0D3}.Development|Default.ActiveCfg = Development
		{F94C74C4-735F-4B23-879B-A60902BCD0D3}.Development|Default.Build.0 = Development
	EndGlobalSection
	GlobalSection(SolutionProperties) = preSolution
		HideSolutionNode = FALSE
	EndGlobalSection
EndGlobal
